// !$*UTF8*$!
{
	archiveVersion = 1;
	classes = {
	};
	objectVersion = 54;
	objects = {

/* Begin PBXBuildFile section */
		01DB2466CC64623D6CF125FC /* StatusDotView.swift in Sources */ = {isa = PBXBuildFile; fileRef = E142D5EC4C517FAA288D91B5 /* StatusDotView.swift */; };
		022C5C2618A19D3CC0088FD3 /* IncomingBannerStackView.swift in Sources */ = {isa = PBXBuildFile; fileRef = A985EB45486147EFEEC0083A /* IncomingBannerStackView.swift */; };
		03ACDFC7638A4E76C64A2173 /* AddDevicePickerSheet.swift in Sources */ = {isa = PBXBuildFile; fileRef = C34E4F67BD5762736F3B412C /* AddDevicePickerSheet.swift */; };
		050A1E17A5532A25C637F1C5 /* KdRadii.swift in Sources */ = {isa = PBXBuildFile; fileRef = 6CB52301BD5AE4C16FDF6255 /* KdRadii.swift */; };
		058557BB273AAA24004C7B11 /* Assets.xcassets in Resources */ = {isa = PBXBuildFile; fileRef = 058557BA273AAA24004C7B11 /* Assets.xcassets */; };
		058557D9273AAEEB004C7B11 /* Preview Assets.xcassets in Resources */ = {isa = PBXBuildFile; fileRef = 058557D8273AAEEB004C7B11 /* Preview Assets.xcassets */; };
		0E638F6AF8C7F62B12CF8C98 /* FileCardView.swift in Sources */ = {isa = PBXBuildFile; fileRef = 1DEE486D88CA987250E3748F /* FileCardView.swift */; };
		0EDD3237A4CB6E60005B9919 /* DateChipView.swift in Sources */ = {isa = PBXBuildFile; fileRef = A3329AA02CA5C53FD205CD6F /* DateChipView.swift */; };
		0EF8F9E454325CA6AA2A0B78 /* DiscoveryModel.swift in Sources */ = {isa = PBXBuildFile; fileRef = 90204E2C20EA390FEFAC5EE3 /* DiscoveryModel.swift */; };
		0FAC658C2DB3BBD6E87645EF /* UpdateBannerView.swift in Sources */ = {isa = PBXBuildFile; fileRef = A1313E8598603FA619FB910F /* UpdateBannerView.swift */; };
		0FB5C3372B4184DA5FA7C424 /* FileCardView.swift in Sources */ = {isa = PBXBuildFile; fileRef = 1DEE486D88CA987250E3748F /* FileCardView.swift */; };
		13A789129AC62378BFA92D51 /* DeviceChatScreen.swift in Sources */ = {isa = PBXBuildFile; fileRef = 7619154102E69A08B9FA4A20 /* DeviceChatScreen.swift */; };
		1452367E9EA786EA6020901A /* TextMessageViewerView.swift in Sources */ = {isa = PBXBuildFile; fileRef = 69B1E9EF5F99DBB03856B8D4 /* TextMessageViewerView.swift */; };
		147568EACDD87E73564521FD /* ShareInbox.swift in Sources */ = {isa = PBXBuildFile; fileRef = 3914D14CFE8DE717E480A0C1 /* ShareInbox.swift */; };
		14FB2F16785EDCE658ED826F /* ShareViewController.swift in Sources */ = {isa = PBXBuildFile; fileRef = 236550742A75989700412ADF /* ShareViewController.swift */; };
		1792516DCA35A0A197C8BB89 /* KlardropMacShare.appex in Embed Foundation Extensions */ = {isa = PBXBuildFile; fileRef = 7A8FF713C2C9F29BFAACB17B /* KlardropMacShare.appex */; settings = {ATTRIBUTES = (RemoveHeadersOnCopy, ); }; };
		1845776474EC266370F55A8E /* ShareViewController.swift in Sources */ = {isa = PBXBuildFile; fileRef = D2CEA18344862A46BA3E1986 /* ShareViewController.swift */; };
		1940F391E2C19CC3621CEF71 /* KdSpacing.swift in Sources */ = {isa = PBXBuildFile; fileRef = 84EE2900C33A5D4FCB082B78 /* KdSpacing.swift */; };
		19B7B5BAAD695CC7106C2111 /* KlardropShare.appex in Embed Foundation Extensions */ = {isa = PBXBuildFile; fileRef = E8D02C9FE68B9DA10D7FC00D /* KlardropShare.appex */; settings = {ATTRIBUTES = (RemoveHeadersOnCopy, ); }; };
		1E9CB7CE348B5FD6CDACBF1F /* RootView.swift in Sources */ = {isa = PBXBuildFile; fileRef = 2B0C2857366865997CD52F57 /* RootView.swift */; };
		1EB4D638862E6AF6AABDA495 /* DeviceAvatarView.swift in Sources */ = {isa = PBXBuildFile; fileRef = EF406F852D741B670D0B3EDD /* DeviceAvatarView.swift */; };
		227FC59E976D5DCE6BE59518 /* FilePicking.swift in Sources */ = {isa = PBXBuildFile; fileRef = 5BBAF324273D25F8CE8733D1 /* FilePicking.swift */; };
		25854FF09AB48EEE3DA5A4C9 /* RootView.swift in Sources */ = {isa = PBXBuildFile; fileRef = 2B0C2857366865997CD52F57 /* RootView.swift */; };
		27A7AB2CD0896FAC834242EC /* Cocoa.framework in Frameworks */ = {isa = PBXBuildFile; fileRef = 967BB6CB99DA93EC43589E22 /* Cocoa.framework */; };
		28186C32A7557C837AF09C0E /* DeviceRowView.swift in Sources */ = {isa = PBXBuildFile; fileRef = AB8813B25ABD1B26F3CD5C38 /* DeviceRowView.swift */; };
		2C44E80F11C6909AF0F922F2 /* MessageRowView.swift in Sources */ = {isa = PBXBuildFile; fileRef = 38FF9C58AD2000465E2ED481 /* MessageRowView.swift */; };
		2E5932D82393C1DE43290B51 /* KlardropNav.swift in Sources */ = {isa = PBXBuildFile; fileRef = 685D4A396535152D088D7EE2 /* KlardropNav.swift */; };
		35DBF3D3B5FE3EBE91E8F352 /* Foundation.framework in Frameworks */ = {isa = PBXBuildFile; fileRef = 7F0AB332F093C5BE0B59C363 /* Foundation.framework */; };
		35FDFE34399CE4F261DCD881 /* TrustDialogs.swift in Sources */ = {isa = PBXBuildFile; fileRef = C0C82CF44F0D12B62B630D44 /* TrustDialogs.swift */; };
		38D003ABB2E8CC8DA5A0AAF8 /* PermissionsPanelView.swift in Sources */ = {isa = PBXBuildFile; fileRef = B8DC0BE7BE710B657C2261F5 /* PermissionsPanelView.swift */; };
		3AD3C308D75670BBF796FA01 /* DeviceUiHelpers.swift in Sources */ = {isa = PBXBuildFile; fileRef = 1535C70BA72B5D678B510F57 /* DeviceUiHelpers.swift */; };
		3D16F3D44B73496029497E3D /* MacApp.swift in Sources */ = {isa = PBXBuildFile; fileRef = 8320B3CCB3CAA291C7EBDB0F /* MacApp.swift */; };
		40747B651B47CFF1D327A875 /* UpdateBannerView.swift in Sources */ = {isa = PBXBuildFile; fileRef = A1313E8598603FA619FB910F /* UpdateBannerView.swift */; };
		41D2E3C7FEA21371263CFCA1 /* FilePicking.swift in Sources */ = {isa = PBXBuildFile; fileRef = 5BBAF324273D25F8CE8733D1 /* FilePicking.swift */; };
		473614437D583A133AC2FD13 /* PermissionsPanelView.swift in Sources */ = {isa = PBXBuildFile; fileRef = B8DC0BE7BE710B657C2261F5 /* PermissionsPanelView.swift */; };
		4FF0B829D380FDE5570AF630 /* SectionHeadView.swift in Sources */ = {isa = PBXBuildFile; fileRef = AB495E57B6219ABCC27832DD /* SectionHeadView.swift */; };
		51918C9838997A36C6937320 /* StatusDotView.swift in Sources */ = {isa = PBXBuildFile; fileRef = E142D5EC4C517FAA288D91B5 /* StatusDotView.swift */; };
		57750F55D0CFBB1DB18D7E4E /* ShareInboxSheet.swift in Sources */ = {isa = PBXBuildFile; fileRef = 20C856D7669F8371BB9A27FF /* ShareInboxSheet.swift */; };
		57DDBFC25CBDBEBAC6C6E527 /* Color+Hex.swift in Sources */ = {isa = PBXBuildFile; fileRef = 82B73B7F2DC511088F596B4D /* Color+Hex.swift */; };
		58809A4CCD1D59DD22EBEA5D /* IncomingTransferCardView.swift in Sources */ = {isa = PBXBuildFile; fileRef = EF30C1BD0565A0DA4667C725 /* IncomingTransferCardView.swift */; };
		58924C794ACEFCDD81298129 /* BubbleQuickActionsView.swift in Sources */ = {isa = PBXBuildFile; fileRef = 3E5EC17F934803879681F780 /* BubbleQuickActionsView.swift */; };
		58B876B7EC9CF9A8BE11EBF3 /* MessageInputView.swift in Sources */ = {isa = PBXBuildFile; fileRef = 374C118F971889B9DC26AE84 /* MessageInputView.swift */; };
		5B58F437AFA1716CA1C6259B /* DeviceRowView.swift in Sources */ = {isa = PBXBuildFile; fileRef = AB8813B25ABD1B26F3CD5C38 /* DeviceRowView.swift */; };
		62EB207CD640CD5344C55570 /* IncomingTransferCardView.swift in Sources */ = {isa = PBXBuildFile; fileRef = EF30C1BD0565A0DA4667C725 /* IncomingTransferCardView.swift */; };
		64A84DBDE16C41C56C64AE0F /* AddDevicePickerSheet.swift in Sources */ = {isa = PBXBuildFile; fileRef = C34E4F67BD5762736F3B412C /* AddDevicePickerSheet.swift */; };
		6757F345354B8AF8235F3DD1 /* BannerView.swift in Sources */ = {isa = PBXBuildFile; fileRef = 63BAADE3561E108884D3C79D /* BannerView.swift */; };
		694E96FC36D262A75D275BE8 /* BubbleView.swift in Sources */ = {isa = PBXBuildFile; fileRef = 46809ECE42F4D435E5EF2CB5 /* BubbleView.swift */; };
		6A9C750E3F909E9FE38DB1EC /* VisibilityPillView.swift in Sources */ = {isa = PBXBuildFile; fileRef = EF9586097D5E0ABD36716A68 /* VisibilityPillView.swift */; };
		6E2D5B1DDCE04A219CA7141A /* VisibilityPillView.swift in Sources */ = {isa = PBXBuildFile; fileRef = EF9586097D5E0ABD36716A68 /* VisibilityPillView.swift */; };
		6F6C4986F51576522C05ADDE /* ChatModel.swift in Sources */ = {isa = PBXBuildFile; fileRef = 2175ED977EC2D04318EAD200 /* ChatModel.swift */; };
		707C06B6CD6F242699FEB877 /* SettingsSheet.swift in Sources */ = {isa = PBXBuildFile; fileRef = 3C26119D3D7CE22CF06A5F2E /* SettingsSheet.swift */; };
		71EAEC70F408DF748899A011 /* DiscoveryModel.swift in Sources */ = {isa = PBXBuildFile; fileRef = 90204E2C20EA390FEFAC5EE3 /* DiscoveryModel.swift */; };
		7B43F1BAA9D1998DCBA210F8 /* PairingApprovalSheet.swift in Sources */ = {isa = PBXBuildFile; fileRef = 11146602E1139C67C03F1B8F /* PairingApprovalSheet.swift */; };
		7E63E4FBBBD5ED6787805307 /* ShareInbox.swift in Sources */ = {isa = PBXBuildFile; fileRef = 3914D14CFE8DE717E480A0C1 /* ShareInbox.swift */; };
		7F042BC099FC9C73683E237C /* DeviceUiMapping.swift in Sources */ = {isa = PBXBuildFile; fileRef = A60A548AA3ECC229B28CA439 /* DeviceUiMapping.swift */; };
		809A55F2A7A42EF8E5B29587 /* ShareSheetView.swift in Sources */ = {isa = PBXBuildFile; fileRef = 9B893524BEA113EBDCBBE3C6 /* ShareSheetView.swift */; };
		838E3968CF374A72DF942BAB /* NavRoutes.swift in Sources */ = {isa = PBXBuildFile; fileRef = FCA74CDA387605E6B2A63703 /* NavRoutes.swift */; };
		859698F08FA202224C3746AE /* DeviceChatScreen.swift in Sources */ = {isa = PBXBuildFile; fileRef = 7619154102E69A08B9FA4A20 /* DeviceChatScreen.swift */; };
		868F35965A77ADD07624C37C /* PermissionsChecklistView.swift in Sources */ = {isa = PBXBuildFile; fileRef = FF8F32CDC8B365315F430B2F /* PermissionsChecklistView.swift */; };
		88DBDE3DAED3C0C8E663E71C /* BubbleView.swift in Sources */ = {isa = PBXBuildFile; fileRef = 46809ECE42F4D435E5EF2CB5 /* BubbleView.swift */; };
		8D4C32A6F4165C87135E4F5D /* KdSpacing.swift in Sources */ = {isa = PBXBuildFile; fileRef = 84EE2900C33A5D4FCB082B78 /* KdSpacing.swift */; };
		9061825CC3B2DA54D08D2EDF /* SectionHeadView.swift in Sources */ = {isa = PBXBuildFile; fileRef = AB495E57B6219ABCC27832DD /* SectionHeadView.swift */; };
		93FDC5A0AAD0440BC4E5AB62 /* RenameSheet.swift in Sources */ = {isa = PBXBuildFile; fileRef = 9F0D09AD1C96FCD6D5940A15 /* RenameSheet.swift */; };
		94D7A85618B45D9B203BC158 /* Pods_KlardropMac.framework in Frameworks */ = {isa = PBXBuildFile; fileRef = D0AB44E8D4F3EA79ACC09244 /* Pods_KlardropMac.framework */; };
		94FDCBC57C7A4C4BD352DDC4 /* RenameSheet.swift in Sources */ = {isa = PBXBuildFile; fileRef = 9F0D09AD1C96FCD6D5940A15 /* RenameSheet.swift */; };
		9641CF67EBEA519D11E863AA /* Cocoa.framework in Frameworks */ = {isa = PBXBuildFile; fileRef = 967BB6CB99DA93EC43589E22 /* Cocoa.framework */; };
		96972AF43A557DDE6D1D1B3D /* KdColors.swift in Sources */ = {isa = PBXBuildFile; fileRef = A88E5A453CA492BB4D6E32AB /* KdColors.swift */; };
		9A848A1EEF4106C24B6BB123 /* KdMotion.swift in Sources */ = {isa = PBXBuildFile; fileRef = 62ABA6F429B4D01F34B3E772 /* KdMotion.swift */; };
		9ED9E50A8BC4311ECF440521 /* ShareSheetView.swift in Sources */ = {isa = PBXBuildFile; fileRef = 9B893524BEA113EBDCBBE3C6 /* ShareSheetView.swift */; };
		A05EA39FF290FDECDF588E46 /* PairingDialogView.swift in Sources */ = {isa = PBXBuildFile; fileRef = FC56B4EA9CDB5D8456404160 /* PairingDialogView.swift */; };
		A170E396EEAB80EE824723D6 /* ChatTimeFormat.swift in Sources */ = {isa = PBXBuildFile; fileRef = 94F0B700418BBDFDC584CBF6 /* ChatTimeFormat.swift */; };
		A3693F3DB4128766295595D0 /* ChatModel.swift in Sources */ = {isa = PBXBuildFile; fileRef = 2175ED977EC2D04318EAD200 /* ChatModel.swift */; };
		A95B328A12318AC0903110C3 /* SettingsSheet.swift in Sources */ = {isa = PBXBuildFile; fileRef = 3C26119D3D7CE22CF06A5F2E /* SettingsSheet.swift */; };
		A9A387E4176ACEA76838753E /* KdRadii.swift in Sources */ = {isa = PBXBuildFile; fileRef = 6CB52301BD5AE4C16FDF6255 /* KdRadii.swift */; };
		A9BDD2EF1B189519390E67AA /* TextMessageViewerView.swift in Sources */ = {isa = PBXBuildFile; fileRef = 69B1E9EF5F99DBB03856B8D4 /* TextMessageViewerView.swift */; };
		B001FB4824FDCD88E4A0A732 /* SystemNotificationCardView.swift in Sources */ = {isa = PBXBuildFile; fileRef = 06887C53DA33681456E20E84 /* SystemNotificationCardView.swift */; };
		B3F78FAA389DE36A44C481A6 /* DeviceUiMapping.swift in Sources */ = {isa = PBXBuildFile; fileRef = A60A548AA3ECC229B28CA439 /* DeviceUiMapping.swift */; };
		B5921390730A173CCE79E2F1 /* DateChipView.swift in Sources */ = {isa = PBXBuildFile; fileRef = A3329AA02CA5C53FD205CD6F /* DateChipView.swift */; };
		B82D07B26BD6C82B5BAD218C /* DeviceAvatarView.swift in Sources */ = {isa = PBXBuildFile; fileRef = EF406F852D741B670D0B3EDD /* DeviceAvatarView.swift */; };
		BB32AFF956807748A626DB8D /* ShareInbox.swift in Sources */ = {isa = PBXBuildFile; fileRef = 3914D14CFE8DE717E480A0C1 /* ShareInbox.swift */; };
		BB3898649DCACF2E256E5C32 /* Color+Hex.swift in Sources */ = {isa = PBXBuildFile; fileRef = 82B73B7F2DC511088F596B4D /* Color+Hex.swift */; };
		BCB574CCDE6BFDA130AE238E /* DiscoveryScreen.swift in Sources */ = {isa = PBXBuildFile; fileRef = 4040D930AF0024012D065844 /* DiscoveryScreen.swift */; };
		C5D4DC65F6E3B14AE90B7A09 /* KdColors.swift in Sources */ = {isa = PBXBuildFile; fileRef = A88E5A453CA492BB4D6E32AB /* KdColors.swift */; };
		CA7C13DED79CDE1DF0476BD5 /* DiscoveryScreen.swift in Sources */ = {isa = PBXBuildFile; fileRef = 4040D930AF0024012D065844 /* DiscoveryScreen.swift */; };
		CC12F1A2B4DB88DF6F2F1378 /* BannerView.swift in Sources */ = {isa = PBXBuildFile; fileRef = 63BAADE3561E108884D3C79D /* BannerView.swift */; };
		CD7E681412A9DD51C02755DD /* ChatTimeFormat.swift in Sources */ = {isa = PBXBuildFile; fileRef = 94F0B700418BBDFDC584CBF6 /* ChatTimeFormat.swift */; };
		CFDB58B53BB94DE262B13C24 /* Pods_iosApp.framework in Frameworks */ = {isa = PBXBuildFile; fileRef = 6B1049432C0C2B312090ABF6 /* Pods_iosApp.framework */; };
		D2CF4853B387C1094985A58A /* ChatHeaderView.swift in Sources */ = {isa = PBXBuildFile; fileRef = 4F185C59B6B0ACD3A15285E9 /* ChatHeaderView.swift */; };
		D7314AAB3EFD20A821391CEA /* KdType.swift in Sources */ = {isa = PBXBuildFile; fileRef = DE0593C8B81ABFB4DBC5CE4F /* KdType.swift */; };
		DDFCE403CC505E5D64D40F09 /* iOSApp.swift in Sources */ = {isa = PBXBuildFile; fileRef = FCA7B5EFE4AA6CCD61BC35B7 /* iOSApp.swift */; };
		DF0C151B8A80CF8C41AA9880 /* SidebarView.swift in Sources */ = {isa = PBXBuildFile; fileRef = 2F0E5908AF635BAECCE52473 /* SidebarView.swift */; };
		E0313E6D241A1D2D5CAC64E8 /* PairingApprovalSheet.swift in Sources */ = {isa = PBXBuildFile; fileRef = 11146602E1139C67C03F1B8F /* PairingApprovalSheet.swift */; };
		E0EE131EF91B81E3E466BE3D /* SidebarView.swift in Sources */ = {isa = PBXBuildFile; fileRef = 2F0E5908AF635BAECCE52473 /* SidebarView.swift */; };
		E20429D1E7986E5A02167E66 /* SystemNotificationCardView.swift in Sources */ = {isa = PBXBuildFile; fileRef = 06887C53DA33681456E20E84 /* SystemNotificationCardView.swift */; };
		E2C8E1DEBCDFBE30BE3BC09E /* KdType.swift in Sources */ = {isa = PBXBuildFile; fileRef = DE0593C8B81ABFB4DBC5CE4F /* KdType.swift */; };
		E628430F7E6272E57C5BAC05 /* MessageInputView.swift in Sources */ = {isa = PBXBuildFile; fileRef = 374C118F971889B9DC26AE84 /* MessageInputView.swift */; };
		E637A0221FBAB56A81BE21D4 /* MessageRowView.swift in Sources */ = {isa = PBXBuildFile; fileRef = 38FF9C58AD2000465E2ED481 /* MessageRowView.swift */; };
		E686B212535EE6B298B95671 /* sqlite3_macos_stubs.c in Sources */ = {isa = PBXBuildFile; fileRef = D1D6B7FC122907F1322FD677 /* sqlite3_macos_stubs.c */; };
		EB4288D8B0576E363F863694 /* PermissionsChecklistView.swift in Sources */ = {isa = PBXBuildFile; fileRef = FF8F32CDC8B365315F430B2F /* PermissionsChecklistView.swift */; };
		EBA7F5EE24B6C02F50FFE1F3 /* NavRoutes.swift in Sources */ = {isa = PBXBuildFile; fileRef = FCA74CDA387605E6B2A63703 /* NavRoutes.swift */; };
		EBA9A4C7F9B7CFC7F7A36EC1 /* PairingDialogView.swift in Sources */ = {isa = PBXBuildFile; fileRef = FC56B4EA9CDB5D8456404160 /* PairingDialogView.swift */; };
		EFD8BD80B3528E6CA9A8495F /* DeviceUiHelpers.swift in Sources */ = {isa = PBXBuildFile; fileRef = 1535C70BA72B5D678B510F57 /* DeviceUiHelpers.swift */; };
		F0E363D8CE70ED86F4CB15B2 /* TrustDialogs.swift in Sources */ = {isa = PBXBuildFile; fileRef = C0C82CF44F0D12B62B630D44 /* TrustDialogs.swift */; };
		F40C4C618E682F6907B7C02A /* ShareInboxSheet.swift in Sources */ = {isa = PBXBuildFile; fileRef = 20C856D7669F8371BB9A27FF /* ShareInboxSheet.swift */; };
		F4B509EDB6DA3BBED8710D14 /* ChatHeaderView.swift in Sources */ = {isa = PBXBuildFile; fileRef = 4F185C59B6B0ACD3A15285E9 /* ChatHeaderView.swift */; };
		F523EDBBB4D8CDE7E053EC23 /* KlardropNav.swift in Sources */ = {isa = PBXBuildFile; fileRef = 685D4A396535152D088D7EE2 /* KlardropNav.swift */; };
		F76AB7A4C0DA93CE790E9DEA /* BubbleQuickActionsView.swift in Sources */ = {isa = PBXBuildFile; fileRef = 3E5EC17F934803879681F780 /* BubbleQuickActionsView.swift */; };
		F7D6D9100E3769ACDED1F084 /* ShareInbox.swift in Sources */ = {isa = PBXBuildFile; fileRef = 3914D14CFE8DE717E480A0C1 /* ShareInbox.swift */; };
		F847C8B30D70FD9535EFC2C2 /* IncomingBannerStackView.swift in Sources */ = {isa = PBXBuildFile; fileRef = A985EB45486147EFEEC0083A /* IncomingBannerStackView.swift */; };
		FF1768002FCE0F7B45CE10E7 /* KdMotion.swift in Sources */ = {isa = PBXBuildFile; fileRef = 62ABA6F429B4D01F34B3E772 /* KdMotion.swift */; };
/* End PBXBuildFile section */

/* Begin PBXContainerItemProxy section */
		AF82E3DD136D5FDF3D561803 /* PBXContainerItemProxy */ = {
			isa = PBXContainerItemProxy;
			containerPortal = 7555FF73242A565900829871 /* Project object */;
			proxyType = 1;
			remoteGlobalIDString = 08CDB3752304941E1BCD75A8;
			remoteInfo = KlardropMacShare;
		};
		FE8847DD561E613D2CC63D85 /* PBXContainerItemProxy */ = {
			isa = PBXContainerItemProxy;
			containerPortal = 7555FF73242A565900829871 /* Project object */;
			proxyType = 1;
			remoteGlobalIDString = A8BDB6209E7EDBC9F1131AA2;
			remoteInfo = KlardropShare;
		};
/* End PBXContainerItemProxy section */

/* Begin PBXCopyFilesBuildPhase section */
		2365507D2A75989700412ADF /* Embed Foundation Extensions */ = {
			isa = PBXCopyFilesBuildPhase;
			buildActionMask = 2147483647;
			dstPath = "";
			dstSubfolderSpec = 13;
			files = (
				19B7B5BAAD695CC7106C2111 /* KlardropShare.appex in Embed Foundation Extensions */,
			);
			name = "Embed Foundation Extensions";
			runOnlyForDeploymentPostprocessing = 0;
		};
		FE3F84A7695346C188CFDA96 /* Embed Foundation Extensions */ = {
			isa = PBXCopyFilesBuildPhase;
			buildActionMask = 2147483647;
			dstPath = "";
			dstSubfolderSpec = 13;
			files = (
				1792516DCA35A0A197C8BB89 /* KlardropMacShare.appex in Embed Foundation Extensions */,
			);
			name = "Embed Foundation Extensions";
			runOnlyForDeploymentPostprocessing = 0;
		};
/* End PBXCopyFilesBuildPhase section */

/* Begin PBXFileReference section */
		01920DE25B5CA9C51BD3C36F /* Pods-iosApp.release.xcconfig */ = {isa = PBXFileReference; includeInIndex = 1; lastKnownFileType = text.xcconfig; name = "Pods-iosApp.release.xcconfig"; path = "Target Support Files/Pods-iosApp/Pods-iosApp.release.xcconfig"; sourceTree = "<group>"; };
		058557BA273AAA24004C7B11 /* Assets.xcassets */ = {isa = PBXFileReference; lastKnownFileType = folder.assetcatalog; path = Assets.xcassets; sourceTree = "<group>"; };
		058557D8273AAEEB004C7B11 /* Preview Assets.xcassets */ = {isa = PBXFileReference; lastKnownFileType = folder.assetcatalog; path = "Preview Assets.xcassets"; sourceTree = "<group>"; };
		06887C53DA33681456E20E84 /* SystemNotificationCardView.swift */ = {isa = PBXFileReference; includeInIndex = 1; lastKnownFileType = sourcecode.swift; path = SystemNotificationCardView.swift; sourceTree = "<group>"; };
		11146602E1139C67C03F1B8F /* PairingApprovalSheet.swift */ = {isa = PBXFileReference; includeInIndex = 1; lastKnownFileType = sourcecode.swift; path = PairingApprovalSheet.swift; sourceTree = "<group>"; };
		1535C70BA72B5D678B510F57 /* DeviceUiHelpers.swift */ = {isa = PBXFileReference; includeInIndex = 1; lastKnownFileType = sourcecode.swift; name = DeviceUiHelpers.swift; path = DeviceUiHelpers.swift; sourceTree = "<group>"; };
		1DEE486D88CA987250E3748F /* FileCardView.swift */ = {isa = PBXFileReference; includeInIndex = 1; lastKnownFileType = sourcecode.swift; path = FileCardView.swift; sourceTree = "<group>"; };
		20C856D7669F8371BB9A27FF /* ShareInboxSheet.swift */ = {isa = PBXFileReference; includeInIndex = 1; lastKnownFileType = sourcecode.swift; name = ShareInboxSheet.swift; path = iosApp/Views/Dialogs/ShareInboxSheet.swift; sourceTree = "<group>"; };
		2175ED977EC2D04318EAD200 /* ChatModel.swift */ = {isa = PBXFileReference; includeInIndex = 1; lastKnownFileType = sourcecode.swift; path = ChatModel.swift; sourceTree = "<group>"; };
		236550742A75989700412ADF /* ShareViewController.swift */ = {isa = PBXFileReference; lastKnownFileType = sourcecode.swift; path = ShareViewController.swift; sourceTree = "<group>"; };
		236550772A75989700412ADF /* Base */ = {isa = PBXFileReference; lastKnownFileType = file.storyboard; name = Base; path = Base.lproj/MainInterface.storyboard; sourceTree = "<group>"; };
		236550792A75989700412ADF /* Info.plist */ = {isa = PBXFileReference; lastKnownFileType = text.plist.xml; path = Info.plist; sourceTree = "<group>"; };
		2405ADA8D7EA482D702EEB81 /* KlardropMac.app */ = {isa = PBXFileReference; explicitFileType = wrapper.application; includeInIndex = 0; path = KlardropMac.app; sourceTree = BUILT_PRODUCTS_DIR; };
		2B0C2857366865997CD52F57 /* RootView.swift */ = {isa = PBXFileReference; includeInIndex = 1; lastKnownFileType = sourcecode.swift; name = RootView.swift; path = RootView.swift; sourceTree = "<group>"; };
		2F0E5908AF635BAECCE52473 /* SidebarView.swift */ = {isa = PBXFileReference; includeInIndex = 1; lastKnownFileType = sourcecode.swift; path = SidebarView.swift; sourceTree = "<group>"; };
		374C118F971889B9DC26AE84 /* MessageInputView.swift */ = {isa = PBXFileReference; includeInIndex = 1; lastKnownFileType = sourcecode.swift; path = MessageInputView.swift; sourceTree = "<group>"; };
		38FF9C58AD2000465E2ED481 /* MessageRowView.swift */ = {isa = PBXFileReference; includeInIndex = 1; lastKnownFileType = sourcecode.swift; path = MessageRowView.swift; sourceTree = "<group>"; };
		3914D14CFE8DE717E480A0C1 /* ShareInbox.swift */ = {isa = PBXFileReference; includeInIndex = 1; lastKnownFileType = sourcecode.swift; name = ShareInbox.swift; path = Shared/ShareInbox.swift; sourceTree = "<group>"; };
		3C26119D3D7CE22CF06A5F2E /* SettingsSheet.swift */ = {isa = PBXFileReference; includeInIndex = 1; lastKnownFileType = sourcecode.swift; path = SettingsSheet.swift; sourceTree = "<group>"; };
		3E5EC17F934803879681F780 /* BubbleQuickActionsView.swift */ = {isa = PBXFileReference; includeInIndex = 1; lastKnownFileType = sourcecode.swift; path = BubbleQuickActionsView.swift; sourceTree = "<group>"; };
		4040D930AF0024012D065844 /* DiscoveryScreen.swift */ = {isa = PBXFileReference; includeInIndex = 1; lastKnownFileType = sourcecode.swift; path = DiscoveryScreen.swift; sourceTree = "<group>"; };
		46809ECE42F4D435E5EF2CB5 /* BubbleView.swift */ = {isa = PBXFileReference; includeInIndex = 1; lastKnownFileType = sourcecode.swift; path = BubbleView.swift; sourceTree = "<group>"; };
		4F185C59B6B0ACD3A15285E9 /* ChatHeaderView.swift */ = {isa = PBXFileReference; includeInIndex = 1; lastKnownFileType = sourcecode.swift; path = ChatHeaderView.swift; sourceTree = "<group>"; };
		5BBAF324273D25F8CE8733D1 /* FilePicking.swift */ = {isa = PBXFileReference; includeInIndex = 1; lastKnownFileType = sourcecode.swift; path = FilePicking.swift; sourceTree = "<group>"; };
		62ABA6F429B4D01F34B3E772 /* KdMotion.swift */ = {isa = PBXFileReference; includeInIndex = 1; lastKnownFileType = sourcecode.swift; name = KdMotion.swift; path = KdMotion.swift; sourceTree = "<group>"; };
		63BAADE3561E108884D3C79D /* BannerView.swift */ = {isa = PBXFileReference; includeInIndex = 1; lastKnownFileType = sourcecode.swift; path = BannerView.swift; sourceTree = "<group>"; };
		685D4A396535152D088D7EE2 /* KlardropNav.swift */ = {isa = PBXFileReference; includeInIndex = 1; lastKnownFileType = sourcecode.swift; path = KlardropNav.swift; sourceTree = "<group>"; };
		69B1E9EF5F99DBB03856B8D4 /* TextMessageViewerView.swift */ = {isa = PBXFileReference; includeInIndex = 1; lastKnownFileType = sourcecode.swift; path = TextMessageViewerView.swift; sourceTree = "<group>"; };
		6B1049432C0C2B312090ABF6 /* Pods_iosApp.framework */ = {isa = PBXFileReference; explicitFileType = wrapper.framework; includeInIndex = 0; path = Pods_iosApp.framework; sourceTree = BUILT_PRODUCTS_DIR; };
		6CB52301BD5AE4C16FDF6255 /* KdRadii.swift */ = {isa = PBXFileReference; includeInIndex = 1; lastKnownFileType = sourcecode.swift; name = KdRadii.swift; path = KdRadii.swift; sourceTree = "<group>"; };
		7555FF7B242A565900829871 /* Klardrop.app */ = {isa = PBXFileReference; explicitFileType = wrapper.application; includeInIndex = 0; path = Klardrop.app; sourceTree = BUILT_PRODUCTS_DIR; };
		7555FF8C242A565B00829871 /* Info.plist */ = {isa = PBXFileReference; lastKnownFileType = text.plist.xml; path = Info.plist; sourceTree = "<group>"; };
		7619154102E69A08B9FA4A20 /* DeviceChatScreen.swift */ = {isa = PBXFileReference; includeInIndex = 1; lastKnownFileType = sourcecode.swift; path = DeviceChatScreen.swift; sourceTree = "<group>"; };
		7A8FF713C2C9F29BFAACB17B /* KlardropMacShare.appex */ = {isa = PBXFileReference; explicitFileType = "wrapper.app-extension"; includeInIndex = 0; path = KlardropMacShare.appex; sourceTree = BUILT_PRODUCTS_DIR; };
		7EB6210D64D956E0F14FB9F9 /* MacInfo.plist */ = {isa = PBXFileReference; includeInIndex = 1; lastKnownFileType = text.plist.xml; path = MacInfo.plist; sourceTree = "<group>"; };
		7F0AB332F093C5BE0B59C363 /* Foundation.framework */ = {isa = PBXFileReference; lastKnownFileType = wrapper.framework; name = Foundation.framework; path = Platforms/iPhoneOS.platform/Developer/SDKs/iPhoneOS18.0.sdk/System/Library/Frameworks/Foundation.framework; sourceTree = DEVELOPER_DIR; };
		81A6B3B9F6E62D30973F9798 /* Pods-iosApp.debug.xcconfig */ = {isa = PBXFileReference; includeInIndex = 1; lastKnownFileType = text.xcconfig; name = "Pods-iosApp.debug.xcconfig"; path = "Target Support Files/Pods-iosApp/Pods-iosApp.debug.xcconfig"; sourceTree = "<group>"; };
		82B73B7F2DC511088F596B4D /* Color+Hex.swift */ = {isa = PBXFileReference; includeInIndex = 1; lastKnownFileType = sourcecode.swift; name = "Color+Hex.swift"; path = "Color+Hex.swift"; sourceTree = "<group>"; };
		8320B3CCB3CAA291C7EBDB0F /* MacApp.swift */ = {isa = PBXFileReference; includeInIndex = 1; lastKnownFileType = sourcecode.swift; path = MacApp.swift; sourceTree = "<group>"; };
		84EE2900C33A5D4FCB082B78 /* KdSpacing.swift */ = {isa = PBXFileReference; includeInIndex = 1; lastKnownFileType = sourcecode.swift; name = KdSpacing.swift; path = KdSpacing.swift; sourceTree = "<group>"; };
		90204E2C20EA390FEFAC5EE3 /* DiscoveryModel.swift */ = {isa = PBXFileReference; includeInIndex = 1; lastKnownFileType = sourcecode.swift; name = DiscoveryModel.swift; path = DiscoveryModel.swift; sourceTree = "<group>"; };
		94F0B700418BBDFDC584CBF6 /* ChatTimeFormat.swift */ = {isa = PBXFileReference; includeInIndex = 1; lastKnownFileType = sourcecode.swift; path = ChatTimeFormat.swift; sourceTree = "<group>"; };
		967BB6CB99DA93EC43589E22 /* Cocoa.framework */ = {isa = PBXFileReference; lastKnownFileType = wrapper.framework; name = Cocoa.framework; path = Platforms/MacOSX.platform/Developer/SDKs/MacOSX15.0.sdk/System/Library/Frameworks/Cocoa.framework; sourceTree = DEVELOPER_DIR; };
		9B893524BEA113EBDCBBE3C6 /* ShareSheetView.swift */ = {isa = PBXFileReference; includeInIndex = 1; lastKnownFileType = sourcecode.swift; path = ShareSheetView.swift; sourceTree = "<group>"; };
		9F0D09AD1C96FCD6D5940A15 /* RenameSheet.swift */ = {isa = PBXFileReference; includeInIndex = 1; lastKnownFileType = sourcecode.swift; path = RenameSheet.swift; sourceTree = "<group>"; };
		A1313E8598603FA619FB910F /* UpdateBannerView.swift */ = {isa = PBXFileReference; includeInIndex = 1; lastKnownFileType = sourcecode.swift; path = UpdateBannerView.swift; sourceTree = "<group>"; };
		A3329AA02CA5C53FD205CD6F /* DateChipView.swift */ = {isa = PBXFileReference; includeInIndex = 1; lastKnownFileType = sourcecode.swift; path = DateChipView.swift; sourceTree = "<group>"; };
		A60A548AA3ECC229B28CA439 /* DeviceUiMapping.swift */ = {isa = PBXFileReference; includeInIndex = 1; lastKnownFileType = sourcecode.swift; path = DeviceUiMapping.swift; sourceTree = "<group>"; };
		A88E5A453CA492BB4D6E32AB /* KdColors.swift */ = {isa = PBXFileReference; includeInIndex = 1; lastKnownFileType = sourcecode.swift; name = KdColors.swift; path = KdColors.swift; sourceTree = "<group>"; };
		A985EB45486147EFEEC0083A /* IncomingBannerStackView.swift */ = {isa = PBXFileReference; includeInIndex = 1; lastKnownFileType = sourcecode.swift; path = IncomingBannerStackView.swift; sourceTree = "<group>"; };
		AB3632DC29227652001CCB65 /* Config.xcconfig */ = {isa = PBXFileReference; fileEncoding = 4; lastKnownFileType = text.xcconfig; path = Config.xcconfig; sourceTree = "<group>"; };
		AB495E57B6219ABCC27832DD /* SectionHeadView.swift */ = {isa = PBXFileReference; includeInIndex = 1; lastKnownFileType = sourcecode.swift; path = SectionHeadView.swift; sourceTree = "<group>"; };
		AB8813B25ABD1B26F3CD5C38 /* DeviceRowView.swift */ = {isa = PBXFileReference; includeInIndex = 1; lastKnownFileType = sourcecode.swift; path = DeviceRowView.swift; sourceTree = "<group>"; };
		B8DC0BE7BE710B657C2261F5 /* PermissionsPanelView.swift */ = {isa = PBXFileReference; includeInIndex = 1; lastKnownFileType = sourcecode.swift; path = PermissionsPanelView.swift; sourceTree = "<group>"; };
		C0C82CF44F0D12B62B630D44 /* TrustDialogs.swift */ = {isa = PBXFileReference; includeInIndex = 1; lastKnownFileType = sourcecode.swift; path = TrustDialogs.swift; sourceTree = "<group>"; };
		C3217BFA754E720DD0C80774 /* Pods-KlardropMac.debug.xcconfig */ = {isa = PBXFileReference; includeInIndex = 1; lastKnownFileType = text.xcconfig; name = "Pods-KlardropMac.debug.xcconfig"; path = "Target Support Files/Pods-KlardropMac/Pods-KlardropMac.debug.xcconfig"; sourceTree = "<group>"; };
		C34E4F67BD5762736F3B412C /* AddDevicePickerSheet.swift */ = {isa = PBXFileReference; includeInIndex = 1; lastKnownFileType = sourcecode.swift; path = AddDevicePickerSheet.swift; sourceTree = "<group>"; };
		D0AB44E8D4F3EA79ACC09244 /* Pods_KlardropMac.framework */ = {isa = PBXFileReference; explicitFileType = wrapper.framework; includeInIndex = 0; path = Pods_KlardropMac.framework; sourceTree = BUILT_PRODUCTS_DIR; };
		D119C94B2B5700FAB79C0A91 /* Pods-KlardropMac.release.xcconfig */ = {isa = PBXFileReference; includeInIndex = 1; lastKnownFileType = text.xcconfig; name = "Pods-KlardropMac.release.xcconfig"; path = "Target Support Files/Pods-KlardropMac/Pods-KlardropMac.release.xcconfig"; sourceTree = "<group>"; };
		D1D6B7FC122907F1322FD677 /* sqlite3_macos_stubs.c */ = {isa = PBXFileReference; includeInIndex = 1; path = sqlite3_macos_stubs.c; sourceTree = "<group>"; };
		D2CEA18344862A46BA3E1986 /* ShareViewController.swift */ = {isa = PBXFileReference; includeInIndex = 1; lastKnownFileType = sourcecode.swift; name = ShareViewController.swift; path = "Klardrop Mac Share/ShareViewController.swift"; sourceTree = "<group>"; };
		DE0593C8B81ABFB4DBC5CE4F /* KdType.swift */ = {isa = PBXFileReference; includeInIndex = 1; lastKnownFileType = sourcecode.swift; name = KdType.swift; path = KdType.swift; sourceTree = "<group>"; };
		E142D5EC4C517FAA288D91B5 /* StatusDotView.swift */ = {isa = PBXFileReference; includeInIndex = 1; lastKnownFileType = sourcecode.swift; name = StatusDotView.swift; path = StatusDotView.swift; sourceTree = "<group>"; };
		E8D02C9FE68B9DA10D7FC00D /* KlardropShare.appex */ = {isa = PBXFileReference; explicitFileType = "wrapper.app-extension"; includeInIndex = 0; path = KlardropShare.appex; sourceTree = BUILT_PRODUCTS_DIR; };
		E9F55DCA6FC30682D610A0A3 /* KlardropMac.entitlements */ = {isa = PBXFileReference; includeInIndex = 1; lastKnownFileType = text.plist.entitlements; path = KlardropMac.entitlements; sourceTree = "<group>"; };
		EF30C1BD0565A0DA4667C725 /* IncomingTransferCardView.swift */ = {isa = PBXFileReference; includeInIndex = 1; lastKnownFileType = sourcecode.swift; path = IncomingTransferCardView.swift; sourceTree = "<group>"; };
		EF406F852D741B670D0B3EDD /* DeviceAvatarView.swift */ = {isa = PBXFileReference; includeInIndex = 1; lastKnownFileType = sourcecode.swift; path = DeviceAvatarView.swift; sourceTree = "<group>"; };
		EF9586097D5E0ABD36716A68 /* VisibilityPillView.swift */ = {isa = PBXFileReference; includeInIndex = 1; lastKnownFileType = sourcecode.swift; path = VisibilityPillView.swift; sourceTree = "<group>"; };
		FC56B4EA9CDB5D8456404160 /* PairingDialogView.swift */ = {isa = PBXFileReference; includeInIndex = 1; lastKnownFileType = sourcecode.swift; path = PairingDialogView.swift; sourceTree = "<group>"; };
		FCA74CDA387605E6B2A63703 /* NavRoutes.swift */ = {isa = PBXFileReference; includeInIndex = 1; lastKnownFileType = sourcecode.swift; path = NavRoutes.swift; sourceTree = "<group>"; };
		FCA7B5EFE4AA6CCD61BC35B7 /* iOSApp.swift */ = {isa = PBXFileReference; includeInIndex = 1; lastKnownFileType = sourcecode.swift; name = iOSApp.swift; path = iOSApp.swift; sourceTree = "<group>"; };
		FF8F32CDC8B365315F430B2F /* PermissionsChecklistView.swift */ = {isa = PBXFileReference; includeInIndex = 1; lastKnownFileType = sourcecode.swift; path = PermissionsChecklistView.swift; sourceTree = "<group>"; };
/* End PBXFileReference section */

/* Begin PBXFrameworksBuildPhase section */
		5A33F5ADFC25C49A0D4C04A7 /* Frameworks */ = {
			isa = PBXFrameworksBuildPhase;
			buildActionMask = 2147483647;
			files = (
				35DBF3D3B5FE3EBE91E8F352 /* Foundation.framework in Frameworks */,
			);
			runOnlyForDeploymentPostprocessing = 0;
		};
		7B92625B449203200354D68C /* Frameworks */ = {
			isa = PBXFrameworksBuildPhase;
			buildActionMask = 2147483647;
			files = (
				9641CF67EBEA519D11E863AA /* Cocoa.framework in Frameworks */,
			);
			runOnlyForDeploymentPostprocessing = 0;
		};
		D7AF88CEB6EB27E2335C78E6 /* Frameworks */ = {
			isa = PBXFrameworksBuildPhase;
			buildActionMask = 2147483647;
			files = (
				27A7AB2CD0896FAC834242EC /* Cocoa.framework in Frameworks */,
				94D7A85618B45D9B203BC158 /* Pods_KlardropMac.framework in Frameworks */,
			);
			runOnlyForDeploymentPostprocessing = 0;
		};
		F85CB1118929364A9C6EFABC /* Frameworks */ = {
			isa = PBXFrameworksBuildPhase;
			buildActionMask = 2147483647;
			files = (
				CFDB58B53BB94DE262B13C24 /* Pods_iosApp.framework in Frameworks */,
			);
			runOnlyForDeploymentPostprocessing = 0;
		};
/* End PBXFrameworksBuildPhase section */

/* Begin PBXGroup section */
		01FEDE7B3AD5E7B4A497195B /* Stubs */ = {
			isa = PBXGroup;
			children = (
				D1D6B7FC122907F1322FD677 /* sqlite3_macos_stubs.c */,
			);
			name = Stubs;
			path = Stubs;
			sourceTree = "<group>";
		};
		058557D7273AAEEB004C7B11 /* Preview Content */ = {
			isa = PBXGroup;
			children = (
				058557D8273AAEEB004C7B11 /* Preview Assets.xcassets */,
			);
			path = "Preview Content";
			sourceTree = "<group>";
		};
		0B141675106CFB78C13753D5 /* Design */ = {
			isa = PBXGroup;
			children = (
				82B73B7F2DC511088F596B4D /* Color+Hex.swift */,
				A88E5A453CA492BB4D6E32AB /* KdColors.swift */,
				62ABA6F429B4D01F34B3E772 /* KdMotion.swift */,
				6CB52301BD5AE4C16FDF6255 /* KdRadii.swift */,
				84EE2900C33A5D4FCB082B78 /* KdSpacing.swift */,
				DE0593C8B81ABFB4DBC5CE4F /* KdType.swift */,
			);
			name = Design;
			path = Design;
			sourceTree = "<group>";
		};
		214B475A169195D4A6E18569 /* iOS */ = {
			isa = PBXGroup;
			children = (
				7F0AB332F093C5BE0B59C363 /* Foundation.framework */,
			);
			name = iOS;
			sourceTree = "<group>";
		};
		236550732A75989700412ADF /* Klardrop Share */ = {
			isa = PBXGroup;
			children = (
				236550742A75989700412ADF /* ShareViewController.swift */,
				236550762A75989700412ADF /* MainInterface.storyboard */,
				236550792A75989700412ADF /* Info.plist */,
			);
			path = "Klardrop Share";
			sourceTree = "<group>";
		};
		2634D83B0A732E3A56FF65F5 /* App */ = {
			isa = PBXGroup;
			children = (
				2B0C2857366865997CD52F57 /* RootView.swift */,
				FCA7B5EFE4AA6CCD61BC35B7 /* iOSApp.swift */,
				8320B3CCB3CAA291C7EBDB0F /* MacApp.swift */,
			);
			name = App;
			path = App;
			sourceTree = "<group>";
		};
		34A1A8A57E76764BD20BABBA /* Dialogs */ = {
			isa = PBXGroup;
			children = (
				C34E4F67BD5762736F3B412C /* AddDevicePickerSheet.swift */,
				11146602E1139C67C03F1B8F /* PairingApprovalSheet.swift */,
				FC56B4EA9CDB5D8456404160 /* PairingDialogView.swift */,
				FF8F32CDC8B365315F430B2F /* PermissionsChecklistView.swift */,
				9F0D09AD1C96FCD6D5940A15 /* RenameSheet.swift */,
				3C26119D3D7CE22CF06A5F2E /* SettingsSheet.swift */,
				9B893524BEA113EBDCBBE3C6 /* ShareSheetView.swift */,
				C0C82CF44F0D12B62B630D44 /* TrustDialogs.swift */,
			);
			name = Dialogs;
			path = Dialogs;
			sourceTree = "<group>";
		};
		42799AB246E5F90AF97AA0EF /* Frameworks */ = {
			isa = PBXGroup;
			children = (
				6B1049432C0C2B312090ABF6 /* Pods_iosApp.framework */,
				B24C7C7DC18D2590A9E7154A /* OS X */,
				D0AB44E8D4F3EA79ACC09244 /* Pods_KlardropMac.framework */,
				214B475A169195D4A6E18569 /* iOS */,
			);
			name = Frameworks;
			sourceTree = "<group>";
		};
		7555FF72242A565900829871 = {
			isa = PBXGroup;
			children = (
				AB1DB47929225F7C00F7AF9C /* Configuration */,
				7555FF7D242A565900829871 /* iosApp */,
				236550732A75989700412ADF /* Klardrop Share */,
				7555FF7C242A565900829871 /* Products */,
				FEFF387C0A8D172AA4D59CAE /* Pods */,
				42799AB246E5F90AF97AA0EF /* Frameworks */,
				3914D14CFE8DE717E480A0C1 /* ShareInbox.swift */,
				20C856D7669F8371BB9A27FF /* ShareInboxSheet.swift */,
				D2CEA18344862A46BA3E1986 /* ShareViewController.swift */,
			);
			sourceTree = "<group>";
		};
		7555FF7C242A565900829871 /* Products */ = {
			isa = PBXGroup;
			children = (
				7555FF7B242A565900829871 /* Klardrop.app */,
				2405ADA8D7EA482D702EEB81 /* KlardropMac.app */,
				E8D02C9FE68B9DA10D7FC00D /* KlardropShare.appex */,
				7A8FF713C2C9F29BFAACB17B /* KlardropMacShare.appex */,
			);
			name = Products;
			sourceTree = "<group>";
		};
		7555FF7D242A565900829871 /* iosApp */ = {
			isa = PBXGroup;
			children = (
				058557BA273AAA24004C7B11 /* Assets.xcassets */,
				7555FF8C242A565B00829871 /* Info.plist */,
				058557D7273AAEEB004C7B11 /* Preview Content */,
				2634D83B0A732E3A56FF65F5 /* App */,
				0B141675106CFB78C13753D5 /* Design */,
				B5A22DDEBED91045487EEA4E /* Observable */,
				CE11576F07F0BC3EA5C7B8BB /* Views */,
				7C98936DBD98E0832C0CCEA9 /* Nav */,
				01FEDE7B3AD5E7B4A497195B /* Stubs */,
				E9F55DCA6FC30682D610A0A3 /* KlardropMac.entitlements */,
				7EB6210D64D956E0F14FB9F9 /* MacInfo.plist */,
			);
			path = iosApp;
			sourceTree = "<group>";
		};
		7C98936DBD98E0832C0CCEA9 /* Nav */ = {
			isa = PBXGroup;
			children = (
				FCA74CDA387605E6B2A63703 /* NavRoutes.swift */,
				685D4A396535152D088D7EE2 /* KlardropNav.swift */,
				5BBAF324273D25F8CE8733D1 /* FilePicking.swift */,
			);
			name = Nav;
			path = Nav;
			sourceTree = "<group>";
		};
		975B18F6BF6662C12AF26B10 /* Components */ = {
			isa = PBXGroup;
			children = (
				63BAADE3561E108884D3C79D /* BannerView.swift */,
				3E5EC17F934803879681F780 /* BubbleQuickActionsView.swift */,
				46809ECE42F4D435E5EF2CB5 /* BubbleView.swift */,
				A3329AA02CA5C53FD205CD6F /* DateChipView.swift */,
				EF406F852D741B670D0B3EDD /* DeviceAvatarView.swift */,
				AB495E57B6219ABCC27832DD /* SectionHeadView.swift */,
				EF9586097D5E0ABD36716A68 /* VisibilityPillView.swift */,
			);
			name = Components;
			path = Components;
			sourceTree = "<group>";
		};
		AB1DB47929225F7C00F7AF9C /* Configuration */ = {
			isa = PBXGroup;
			children = (
				AB3632DC29227652001CCB65 /* Config.xcconfig */,
			);
			path = Configuration;
			sourceTree = "<group>";
		};
		B24C7C7DC18D2590A9E7154A /* OS X */ = {
			isa = PBXGroup;
			children = (
				967BB6CB99DA93EC43589E22 /* Cocoa.framework */,
			);
			name = "OS X";
			sourceTree = "<group>";
		};
		B5A22DDEBED91045487EEA4E /* Observable */ = {
			isa = PBXGroup;
			children = (
				90204E2C20EA390FEFAC5EE3 /* DiscoveryModel.swift */,
				2175ED977EC2D04318EAD200 /* ChatModel.swift */,
			);
			name = Observable;
			path = Observable;
			sourceTree = "<group>";
		};
		CB97ADA48D3BE51BC8532E72 /* Discovery */ = {
			isa = PBXGroup;
			children = (
				AB8813B25ABD1B26F3CD5C38 /* DeviceRowView.swift */,
				A60A548AA3ECC229B28CA439 /* DeviceUiMapping.swift */,
				4040D930AF0024012D065844 /* DiscoveryScreen.swift */,
				A985EB45486147EFEEC0083A /* IncomingBannerStackView.swift */,
				EF30C1BD0565A0DA4667C725 /* IncomingTransferCardView.swift */,
				B8DC0BE7BE710B657C2261F5 /* PermissionsPanelView.swift */,
				2F0E5908AF635BAECCE52473 /* SidebarView.swift */,
				06887C53DA33681456E20E84 /* SystemNotificationCardView.swift */,
				A1313E8598603FA619FB910F /* UpdateBannerView.swift */,
			);
			name = Discovery;
			path = Discovery;
			sourceTree = "<group>";
		};
		CE11576F07F0BC3EA5C7B8BB /* Views */ = {
			isa = PBXGroup;
			children = (
				1535C70BA72B5D678B510F57 /* DeviceUiHelpers.swift */,
				E142D5EC4C517FAA288D91B5 /* StatusDotView.swift */,
				FF971C5870C20DDD10B01E6D /* Chat */,
				975B18F6BF6662C12AF26B10 /* Components */,
				34A1A8A57E76764BD20BABBA /* Dialogs */,
				CB97ADA48D3BE51BC8532E72 /* Discovery */,
			);
			name = Views;
			path = Views;
			sourceTree = "<group>";
		};
		FEFF387C0A8D172AA4D59CAE /* Pods */ = {
			isa = PBXGroup;
			children = (
				81A6B3B9F6E62D30973F9798 /* Pods-iosApp.debug.xcconfig */,
				01920DE25B5CA9C51BD3C36F /* Pods-iosApp.release.xcconfig */,
				D119C94B2B5700FAB79C0A91 /* Pods-KlardropMac.release.xcconfig */,
				C3217BFA754E720DD0C80774 /* Pods-KlardropMac.debug.xcconfig */,
			);
			path = Pods;
			sourceTree = "<group>";
		};
		FF971C5870C20DDD10B01E6D /* Chat */ = {
			isa = PBXGroup;
			children = (
				4F185C59B6B0ACD3A15285E9 /* ChatHeaderView.swift */,
				94F0B700418BBDFDC584CBF6 /* ChatTimeFormat.swift */,
				7619154102E69A08B9FA4A20 /* DeviceChatScreen.swift */,
				1DEE486D88CA987250E3748F /* FileCardView.swift */,
				374C118F971889B9DC26AE84 /* MessageInputView.swift */,
				38FF9C58AD2000465E2ED481 /* MessageRowView.swift */,
				69B1E9EF5F99DBB03856B8D4 /* TextMessageViewerView.swift */,
			);
			name = Chat;
			path = Chat;
			sourceTree = "<group>";
		};
/* End PBXGroup section */

/* Begin PBXNativeTarget section */
		08CDB3752304941E1BCD75A8 /* KlardropMacShare */ = {
			isa = PBXNativeTarget;
			buildConfigurationList = 6C17A7938D205FBCAF5C4325 /* Build configuration list for PBXNativeTarget "KlardropMacShare" */;
			buildPhases = (
				F881C8E91A7B6CEB346A9514 /* Sources */,
				7B92625B449203200354D68C /* Frameworks */,
				282865B1F18DA2326CB033AA /* Resources */,
			);
			buildRules = (
			);
			dependencies = (
			);
			name = KlardropMacShare;
			productName = KlardropMacShare;
			productReference = 7A8FF713C2C9F29BFAACB17B /* KlardropMacShare.appex */;
			productType = "com.apple.product-type.app-extension";
		};
		7555FF7A242A565900829871 /* iosApp */ = {
			isa = PBXNativeTarget;
			buildConfigurationList = 7555FFA5242A565B00829871 /* Build configuration list for PBXNativeTarget "iosApp" */;
			buildPhases = (
				98D614C51D2DA07C614CC46E /* [CP] Check Pods Manifest.lock */,
				7555FF77242A565900829871 /* Sources */,
				7555FF79242A565900829871 /* Resources */,
				F85CB1118929364A9C6EFABC /* Frameworks */,
				2365507D2A75989700412ADF /* Embed Foundation Extensions */,
				6C0E86FEB7E03CB4383BBC58 /* [CP] Embed Pods Frameworks */,
			);
			buildRules = (
			);
			dependencies = (
				B08C835B0A5EBBEEC76E214A /* PBXTargetDependency */,
			);
			name = iosApp;
			productName = iosApp;
			productReference = 7555FF7B242A565900829871 /* Klardrop.app */;
			productType = "com.apple.product-type.application";
		};
		9A05A395CCACE91E4CB5B743 /* KlardropMac */ = {
			isa = PBXNativeTarget;
			buildConfigurationList = 5EB8B112248B2F6687B94024 /* Build configuration list for PBXNativeTarget "KlardropMac" */;
			buildPhases = (
				AE05D4E9F424C426251889A2 /* [CP] Check Pods Manifest.lock */,
				8460261B60B84BAE40BB050A /* Sources */,
				D7AF88CEB6EB27E2335C78E6 /* Frameworks */,
				907DEAE8D1CCA7247E53FB65 /* Resources */,
				FE3F84A7695346C188CFDA96 /* Embed Foundation Extensions */,
			);
			buildRules = (
			);
			dependencies = (
				DDC3B2AA943F01F037479D3F /* PBXTargetDependency */,
			);
			name = KlardropMac;
			productName = KlardropMac;
			productReference = 2405ADA8D7EA482D702EEB81 /* KlardropMac.app */;
			productType = "com.apple.product-type.application";
		};
		A8BDB6209E7EDBC9F1131AA2 /* KlardropShare */ = {
			isa = PBXNativeTarget;
			buildConfigurationList = 895F401966368D6A2FC91E58 /* Build configuration list for PBXNativeTarget "KlardropShare" */;
			buildPhases = (
				EB37D04A750D334EC48013D6 /* Sources */,
				5A33F5ADFC25C49A0D4C04A7 /* Frameworks */,
				C4C873DCEDF5C01026F45829 /* Resources */,
			);
			buildRules = (
			);
			dependencies = (
			);
			name = KlardropShare;
			productName = KlardropShare;
			productReference = E8D02C9FE68B9DA10D7FC00D /* KlardropShare.appex */;
			productType = "com.apple.product-type.app-extension";
		};
/* End PBXNativeTarget section */

/* Begin PBXProject section */
		7555FF73242A565900829871 /* Project object */ = {
			isa = PBXProject;
			attributes = {
				BuildIndependentTargetsInParallel = YES;
				LastSwiftUpdateCheck = 1430;
				LastUpgradeCheck = 1500;
				ORGANIZATIONNAME = orgName;
				TargetAttributes = {
					7555FF7A242A565900829871 = {
						CreatedOnToolsVersion = 11.3.1;
					};
				};
			};
			buildConfigurationList = 7555FF76242A565900829871 /* Build configuration list for PBXProject "iosApp" */;
			compatibilityVersion = "Xcode 9.3";
			developmentRegion = en;
			hasScannedForEncodings = 0;
			knownRegions = (
				en,
				Base,
			);
			mainGroup = 7555FF72242A565900829871;
			productRefGroup = 7555FF7C242A565900829871 /* Products */;
			projectDirPath = "";
			projectRoot = "";
			targets = (
				7555FF7A242A565900829871 /* iosApp */,
				9A05A395CCACE91E4CB5B743 /* KlardropMac */,
				A8BDB6209E7EDBC9F1131AA2 /* KlardropShare */,
				08CDB3752304941E1BCD75A8 /* KlardropMacShare */,
			);
		};
/* End PBXProject section */

/* Begin PBXResourcesBuildPhase section */
		282865B1F18DA2326CB033AA /* Resources */ = {
			isa = PBXResourcesBuildPhase;
			buildActionMask = 2147483647;
			files = (
			);
			runOnlyForDeploymentPostprocessing = 0;
		};
		7555FF79242A565900829871 /* Resources */ = {
			isa = PBXResourcesBuildPhase;
			buildActionMask = 2147483647;
			files = (
				058557D9273AAEEB004C7B11 /* Preview Assets.xcassets in Resources */,
				058557BB273AAA24004C7B11 /* Assets.xcassets in Resources */,
			);
			runOnlyForDeploymentPostprocessing = 0;
		};
		907DEAE8D1CCA7247E53FB65 /* Resources */ = {
			isa = PBXResourcesBuildPhase;
			buildActionMask = 2147483647;
			files = (
			);
			runOnlyForDeploymentPostprocessing = 0;
		};
		C4C873DCEDF5C01026F45829 /* Resources */ = {
			isa = PBXResourcesBuildPhase;
			buildActionMask = 2147483647;
			files = (
			);
			runOnlyForDeploymentPostprocessing = 0;
		};
/* End PBXResourcesBuildPhase section */

/* Begin PBXShellScriptBuildPhase section */
		6C0E86FEB7E03CB4383BBC58 /* [CP] Embed Pods Frameworks */ = {
			isa = PBXShellScriptBuildPhase;
			buildActionMask = 2147483647;
			files = (
			);
			inputFileListPaths = (
				"${PODS_ROOT}/Target Support Files/Pods-iosApp/Pods-iosApp-frameworks-${CONFIGURATION}-input-files.xcfilelist",
			);
			name = "[CP] Embed Pods Frameworks";
			outputFileListPaths = (
				"${PODS_ROOT}/Target Support Files/Pods-iosApp/Pods-iosApp-frameworks-${CONFIGURATION}-output-files.xcfilelist",
			);
			runOnlyForDeploymentPostprocessing = 0;
			shellPath = /bin/sh;
			shellScript = "\"${PODS_ROOT}/Target Support Files/Pods-iosApp/Pods-iosApp-frameworks.sh\"\n";
			showEnvVarsInLog = 0;
		};
		98D614C51D2DA07C614CC46E /* [CP] Check Pods Manifest.lock */ = {
			isa = PBXShellScriptBuildPhase;
			buildActionMask = 2147483647;
			files = (
			);
			inputFileListPaths = (
			);
			inputPaths = (
				"${PODS_PODFILE_DIR_PATH}/Podfile.lock",
				"${PODS_ROOT}/Manifest.lock",
			);
			name = "[CP] Check Pods Manifest.lock";
			outputFileListPaths = (
			);
			outputPaths = (
				"$(DERIVED_FILE_DIR)/Pods-iosApp-checkManifestLockResult.txt",
			);
			runOnlyForDeploymentPostprocessing = 0;
			shellPath = /bin/sh;
			shellScript = "diff \"${PODS_PODFILE_DIR_PATH}/Podfile.lock\" \"${PODS_ROOT}/Manifest.lock\" > /dev/null\nif [ $? != 0 ] ; then\n    # print error to STDERR\n    echo \"error: The sandbox is not in sync with the Podfile.lock. Run 'pod install' or update your CocoaPods installation.\" >&2\n    exit 1\nfi\n# This output is used by Xcode 'outputs' to avoid re-running this script phase.\necho \"SUCCESS\" > \"${SCRIPT_OUTPUT_FILE_0}\"\n";
			showEnvVarsInLog = 0;
		};
		AE05D4E9F424C426251889A2 /* [CP] Check Pods Manifest.lock */ = {
			isa = PBXShellScriptBuildPhase;
			buildActionMask = 2147483647;
			files = (
			);
			inputFileListPaths = (
			);
			inputPaths = (
				"${PODS_PODFILE_DIR_PATH}/Podfile.lock",
				"${PODS_ROOT}/Manifest.lock",
			);
			name = "[CP] Check Pods Manifest.lock";
			outputFileListPaths = (
			);
			outputPaths = (
				"$(DERIVED_FILE_DIR)/Pods-KlardropMac-checkManifestLockResult.txt",
			);
			runOnlyForDeploymentPostprocessing = 0;
			shellPath = /bin/sh;
			shellScript = "diff \"${PODS_PODFILE_DIR_PATH}/Podfile.lock\" \"${PODS_ROOT}/Manifest.lock\" > /dev/null\nif [ $? != 0 ] ; then\n    # print error to STDERR\n    echo \"error: The sandbox is not in sync with the Podfile.lock. Run 'pod install' or update your CocoaPods installation.\" >&2\n    exit 1\nfi\n# This output is used by Xcode 'outputs' to avoid re-running this script phase.\necho \"SUCCESS\" > \"${SCRIPT_OUTPUT_FILE_0}\"\n";
			showEnvVarsInLog = 0;
		};
/* End PBXShellScriptBuildPhase section */

/* Begin PBXSourcesBuildPhase section */
		7555FF77242A565900829871 /* Sources */ = {
			isa = PBXSourcesBuildPhase;
			buildActionMask = 2147483647;
			files = (
				25854FF09AB48EEE3DA5A4C9 /* RootView.swift in Sources */,
				DDFCE403CC505E5D64D40F09 /* iOSApp.swift in Sources */,
				BB3898649DCACF2E256E5C32 /* Color+Hex.swift in Sources */,
				C5D4DC65F6E3B14AE90B7A09 /* KdColors.swift in Sources */,
				FF1768002FCE0F7B45CE10E7 /* KdMotion.swift in Sources */,
				A9A387E4176ACEA76838753E /* KdRadii.swift in Sources */,
				1940F391E2C19CC3621CEF71 /* KdSpacing.swift in Sources */,
				E2C8E1DEBCDFBE30BE3BC09E /* KdType.swift in Sources */,
				71EAEC70F408DF748899A011 /* DiscoveryModel.swift in Sources */,
				EFD8BD80B3528E6CA9A8495F /* DeviceUiHelpers.swift in Sources */,
				51918C9838997A36C6937320 /* StatusDotView.swift in Sources */,
				EBA7F5EE24B6C02F50FFE1F3 /* NavRoutes.swift in Sources */,
				F523EDBBB4D8CDE7E053EC23 /* KlardropNav.swift in Sources */,
				227FC59E976D5DCE6BE59518 /* FilePicking.swift in Sources */,
				6F6C4986F51576522C05ADDE /* ChatModel.swift in Sources */,
				F4B509EDB6DA3BBED8710D14 /* ChatHeaderView.swift in Sources */,
				A170E396EEAB80EE824723D6 /* ChatTimeFormat.swift in Sources */,
				13A789129AC62378BFA92D51 /* DeviceChatScreen.swift in Sources */,
				0FB5C3372B4184DA5FA7C424 /* FileCardView.swift in Sources */,
				58B876B7EC9CF9A8BE11EBF3 /* MessageInputView.swift in Sources */,
				E637A0221FBAB56A81BE21D4 /* MessageRowView.swift in Sources */,
				A9BDD2EF1B189519390E67AA /* TextMessageViewerView.swift in Sources */,
				CC12F1A2B4DB88DF6F2F1378 /* BannerView.swift in Sources */,
				58924C794ACEFCDD81298129 /* BubbleQuickActionsView.swift in Sources */,
				694E96FC36D262A75D275BE8 /* BubbleView.swift in Sources */,
				B5921390730A173CCE79E2F1 /* DateChipView.swift in Sources */,
				B82D07B26BD6C82B5BAD218C /* DeviceAvatarView.swift in Sources */,
				4FF0B829D380FDE5570AF630 /* SectionHeadView.swift in Sources */,
				6A9C750E3F909E9FE38DB1EC /* VisibilityPillView.swift in Sources */,
				64A84DBDE16C41C56C64AE0F /* AddDevicePickerSheet.swift in Sources */,
				7B43F1BAA9D1998DCBA210F8 /* PairingApprovalSheet.swift in Sources */,
				A05EA39FF290FDECDF588E46 /* PairingDialogView.swift in Sources */,
				EB4288D8B0576E363F863694 /* PermissionsChecklistView.swift in Sources */,
				93FDC5A0AAD0440BC4E5AB62 /* RenameSheet.swift in Sources */,
				A95B328A12318AC0903110C3 /* SettingsSheet.swift in Sources */,
				9ED9E50A8BC4311ECF440521 /* ShareSheetView.swift in Sources */,
				35FDFE34399CE4F261DCD881 /* TrustDialogs.swift in Sources */,
				5B58F437AFA1716CA1C6259B /* DeviceRowView.swift in Sources */,
				7F042BC099FC9C73683E237C /* DeviceUiMapping.swift in Sources */,
				CA7C13DED79CDE1DF0476BD5 /* DiscoveryScreen.swift in Sources */,
				F847C8B30D70FD9535EFC2C2 /* IncomingBannerStackView.swift in Sources */,
				62EB207CD640CD5344C55570 /* IncomingTransferCardView.swift in Sources */,
				473614437D583A133AC2FD13 /* PermissionsPanelView.swift in Sources */,
				DF0C151B8A80CF8C41AA9880 /* SidebarView.swift in Sources */,
				E20429D1E7986E5A02167E66 /* SystemNotificationCardView.swift in Sources */,
				0FAC658C2DB3BBD6E87645EF /* UpdateBannerView.swift in Sources */,
				147568EACDD87E73564521FD /* ShareInbox.swift in Sources */,
				57750F55D0CFBB1DB18D7E4E /* ShareInboxSheet.swift in Sources */,
			);
			runOnlyForDeploymentPostprocessing = 0;
		};
		8460261B60B84BAE40BB050A /* Sources */ = {
			isa = PBXSourcesBuildPhase;
			buildActionMask = 2147483647;
			files = (
				1E9CB7CE348B5FD6CDACBF1F /* RootView.swift in Sources */,
				57DDBFC25CBDBEBAC6C6E527 /* Color+Hex.swift in Sources */,
				96972AF43A557DDE6D1D1B3D /* KdColors.swift in Sources */,
				9A848A1EEF4106C24B6BB123 /* KdMotion.swift in Sources */,
				050A1E17A5532A25C637F1C5 /* KdRadii.swift in Sources */,
				8D4C32A6F4165C87135E4F5D /* KdSpacing.swift in Sources */,
				D7314AAB3EFD20A821391CEA /* KdType.swift in Sources */,
				41D2E3C7FEA21371263CFCA1 /* FilePicking.swift in Sources */,
				2E5932D82393C1DE43290B51 /* KlardropNav.swift in Sources */,
				838E3968CF374A72DF942BAB /* NavRoutes.swift in Sources */,
				A3693F3DB4128766295595D0 /* ChatModel.swift in Sources */,
				0EF8F9E454325CA6AA2A0B78 /* DiscoveryModel.swift in Sources */,
				D2CF4853B387C1094985A58A /* ChatHeaderView.swift in Sources */,
				CD7E681412A9DD51C02755DD /* ChatTimeFormat.swift in Sources */,
				859698F08FA202224C3746AE /* DeviceChatScreen.swift in Sources */,
				0E638F6AF8C7F62B12CF8C98 /* FileCardView.swift in Sources */,
				E628430F7E6272E57C5BAC05 /* MessageInputView.swift in Sources */,
				2C44E80F11C6909AF0F922F2 /* MessageRowView.swift in Sources */,
				1452367E9EA786EA6020901A /* TextMessageViewerView.swift in Sources */,
				6757F345354B8AF8235F3DD1 /* BannerView.swift in Sources */,
				F76AB7A4C0DA93CE790E9DEA /* BubbleQuickActionsView.swift in Sources */,
				88DBDE3DAED3C0C8E663E71C /* BubbleView.swift in Sources */,
				0EDD3237A4CB6E60005B9919 /* DateChipView.swift in Sources */,
				1EB4D638862E6AF6AABDA495 /* DeviceAvatarView.swift in Sources */,
				9061825CC3B2DA54D08D2EDF /* SectionHeadView.swift in Sources */,
				6E2D5B1DDCE04A219CA7141A /* VisibilityPillView.swift in Sources */,
				3AD3C308D75670BBF796FA01 /* DeviceUiHelpers.swift in Sources */,
				03ACDFC7638A4E76C64A2173 /* AddDevicePickerSheet.swift in Sources */,
				E0313E6D241A1D2D5CAC64E8 /* PairingApprovalSheet.swift in Sources */,
				EBA9A4C7F9B7CFC7F7A36EC1 /* PairingDialogView.swift in Sources */,
				868F35965A77ADD07624C37C /* PermissionsChecklistView.swift in Sources */,
				94FDCBC57C7A4C4BD352DDC4 /* RenameSheet.swift in Sources */,
				707C06B6CD6F242699FEB877 /* SettingsSheet.swift in Sources */,
				809A55F2A7A42EF8E5B29587 /* ShareSheetView.swift in Sources */,
				F0E363D8CE70ED86F4CB15B2 /* TrustDialogs.swift in Sources */,
				28186C32A7557C837AF09C0E /* DeviceRowView.swift in Sources */,
				B3F78FAA389DE36A44C481A6 /* DeviceUiMapping.swift in Sources */,
				BCB574CCDE6BFDA130AE238E /* DiscoveryScreen.swift in Sources */,
				022C5C2618A19D3CC0088FD3 /* IncomingBannerStackView.swift in Sources */,
				58809A4CCD1D59DD22EBEA5D /* IncomingTransferCardView.swift in Sources */,
				38D003ABB2E8CC8DA5A0AAF8 /* PermissionsPanelView.swift in Sources */,
				E0EE131EF91B81E3E466BE3D /* SidebarView.swift in Sources */,
				B001FB4824FDCD88E4A0A732 /* SystemNotificationCardView.swift in Sources */,
				40747B651B47CFF1D327A875 /* UpdateBannerView.swift in Sources */,
				01DB2466CC64623D6CF125FC /* StatusDotView.swift in Sources */,
				3D16F3D44B73496029497E3D /* MacApp.swift in Sources */,
				E686B212535EE6B298B95671 /* sqlite3_macos_stubs.c in Sources */,
				F7D6D9100E3769ACDED1F084 /* ShareInbox.swift in Sources */,
				F40C4C618E682F6907B7C02A /* ShareInboxSheet.swift in Sources */,
			);
			runOnlyForDeploymentPostprocessing = 0;
		};
		EB37D04A750D334EC48013D6 /* Sources */ = {
			isa = PBXSourcesBuildPhase;
			buildActionMask = 2147483647;
			files = (
				14FB2F16785EDCE658ED826F /* ShareViewController.swift in Sources */,
				BB32AFF956807748A626DB8D /* ShareInbox.swift in Sources */,
			);
			runOnlyForDeploymentPostprocessing = 0;
		};
		F881C8E91A7B6CEB346A9514 /* Sources */ = {
			isa = PBXSourcesBuildPhase;
			buildActionMask = 2147483647;
			files = (
				1845776474EC266370F55A8E /* ShareViewController.swift in Sources */,
				7E63E4FBBBD5ED6787805307 /* ShareInbox.swift in Sources */,
			);
			runOnlyForDeploymentPostprocessing = 0;
		};
/* End PBXSourcesBuildPhase section */

/* Begin PBXTargetDependency section */
		B08C835B0A5EBBEEC76E214A /* PBXTargetDependency */ = {
			isa = PBXTargetDependency;
			name = KlardropShare;
			target = A8BDB6209E7EDBC9F1131AA2 /* KlardropShare */;
			targetProxy = FE8847DD561E613D2CC63D85 /* PBXContainerItemProxy */;
		};
		DDC3B2AA943F01F037479D3F /* PBXTargetDependency */ = {
			isa = PBXTargetDependency;
			name = KlardropMacShare;
			target = 08CDB3752304941E1BCD75A8 /* KlardropMacShare */;
			targetProxy = AF82E3DD136D5FDF3D561803 /* PBXContainerItemProxy */;
		};
/* End PBXTargetDependency section */

/* Begin PBXVariantGroup section */
		236550762A75989700412ADF /* MainInterface.storyboard */ = {
			isa = PBXVariantGroup;
			children = (
				236550772A75989700412ADF /* Base */,
			);
			name = MainInterface.storyboard;
			sourceTree = "<group>";
		};
/* End PBXVariantGroup section */

/* Begin XCBuildConfiguration section */
		551F0A14ECDC093A1FC9080E /* Debug */ = {
			isa = XCBuildConfiguration;
			baseConfigurationReference = AB3632DC29227652001CCB65 /* Config.xcconfig */;
			buildSettings = {
				CODE_SIGN_ENTITLEMENTS = "Klardrop Mac Share/KlardropMacShare.entitlements";
				CODE_SIGN_STYLE = Automatic;
				COMBINE_HIDPI_IMAGES = YES;
				DEVELOPMENT_TEAM = D7T5425WSW;
				ENABLE_HARDENED_RUNTIME = YES;
				GENERATE_INFOPLIST_FILE = NO;
				INFOPLIST_FILE = "Klardrop Mac Share/Info.plist";
				LD_RUNPATH_SEARCH_PATHS = (
					"$(inherited)",
					"@executable_path/../Frameworks",
					"@executable_path/../../../../Frameworks",
				);
				MACOSX_DEPLOYMENT_TARGET = 14.0;
				PRODUCT_BUNDLE_IDENTIFIER = com.carlom.Klardrop.MacShare;
				PRODUCT_NAME = "$(TARGET_NAME)";
				SDKROOT = macosx;
				SKIP_INSTALL = YES;
				SWIFT_VERSION = 5.0;
			};
			name = Debug;
		};
		7555FFA3242A565B00829871 /* Debug */ = {
			isa = XCBuildConfiguration;
			baseConfigurationReference = AB3632DC29227652001CCB65 /* Config.xcconfig */;
			buildSettings = {
				ALWAYS_SEARCH_USER_PATHS = NO;
				CLANG_ANALYZER_NONNULL = YES;
				CLANG_ANALYZER_NUMBER_OBJECT_CONVERSION = YES_AGGRESSIVE;
				CLANG_CXX_LANGUAGE_STANDARD = "gnu++14";
				CLANG_CXX_LIBRARY = "libc++";
				CLANG_ENABLE_MODULES = YES;
				CLANG_ENABLE_OBJC_ARC = YES;
				CLANG_ENABLE_OBJC_WEAK = YES;
				CLANG_WARN_BLOCK_CAPTURE_AUTORELEASING = YES;
				CLANG_WARN_BOOL_CONVERSION = YES;
				CLANG_WARN_COMMA = YES;
				CLANG_WARN_CONSTANT_CONVERSION = YES;
				CLANG_WARN_DEPRECATED_OBJC_IMPLEMENTATIONS = YES;
				CLANG_WARN_DIRECT_OBJC_ISA_USAGE = YES_ERROR;
				CLANG_WARN_DOCUMENTATION_COMMENTS = YES;
				CLANG_WARN_EMPTY_BODY = YES;
				CLANG_WARN_ENUM_CONVERSION = YES;
				CLANG_WARN_INFINITE_RECURSION = YES;
				CLANG_WARN_INT_CONVERSION = YES;
				CLANG_WARN_NON_LITERAL_NULL_CONVERSION = YES;
				CLANG_WARN_OBJC_IMPLICIT_RETAIN_SELF = YES;
				CLANG_WARN_OBJC_LITERAL_CONVERSION = YES;
				CLANG_WARN_OBJC_ROOT_CLASS = YES_ERROR;
				CLANG_WARN_QUOTED_INCLUDE_IN_FRAMEWORK_HEADER = YES;
				CLANG_WARN_RANGE_LOOP_ANALYSIS = YES;
				CLANG_WARN_STRICT_PROTOTYPES = YES;
				CLANG_WARN_SUSPICIOUS_MOVE = YES;
				CLANG_WARN_UNGUARDED_AVAILABILITY = YES_AGGRESSIVE;
				CLANG_WARN_UNREACHABLE_CODE = YES;
				CLANG_WARN__DUPLICATE_METHOD_MATCH = YES;
				COPY_PHASE_STRIP = NO;
				DEBUG_INFORMATION_FORMAT = "dwarf-with-dsym";
				ENABLE_STRICT_OBJC_MSGSEND = YES;
				ENABLE_TESTABILITY = YES;
				ENABLE_USER_SCRIPT_SANDBOXING = NO;
				GCC_C_LANGUAGE_STANDARD = gnu11;
				GCC_DYNAMIC_NO_PIC = NO;
				GCC_NO_COMMON_BLOCKS = YES;
				GCC_OPTIMIZATION_LEVEL = 0;
				GCC_PREPROCESSOR_DEFINITIONS = (
					"DEBUG=1",
					"$(inherited)",
				);
				GCC_WARN_64_TO_32_BIT_CONVERSION = YES;
				GCC_WARN_ABOUT_RETURN_TYPE = YES_ERROR;
				GCC_WARN_UNDECLARED_SELECTOR = YES;
				GCC_WARN_UNINITIALIZED_AUTOS = YES_AGGRESSIVE;
				GCC_WARN_UNUSED_FUNCTION = YES;
				GCC_WARN_UNUSED_VARIABLE = YES;
				IPHONEOS_DEPLOYMENT_TARGET = 17.0;
				MTL_ENABLE_DEBUG_INFO = INCLUDE_SOURCE;
				MTL_FAST_MATH = YES;
				ONLY_ACTIVE_ARCH = YES;
				SDKROOT = iphoneos;
				SWIFT_ACTIVE_COMPILATION_CONDITIONS = DEBUG;
				SWIFT_OPTIMIZATION_LEVEL = "-Onone";
			};
			name = Debug;
		};
		7555FFA4242A565B00829871 /* Release */ = {
			isa = XCBuildConfiguration;
			baseConfigurationReference = AB3632DC29227652001CCB65 /* Config.xcconfig */;
			buildSettings = {
				ALWAYS_SEARCH_USER_PATHS = NO;
				CLANG_ANALYZER_NONNULL = YES;
				CLANG_ANALYZER_NUMBER_OBJECT_CONVERSION = YES_AGGRESSIVE;
				CLANG_CXX_LANGUAGE_STANDARD = "gnu++14";
				CLANG_CXX_LIBRARY = "libc++";
				CLANG_ENABLE_MODULES = YES;
				CLANG_ENABLE_OBJC_ARC = YES;
				CLANG_ENABLE_OBJC_WEAK = YES;
				CLANG_WARN_BLOCK_CAPTURE_AUTORELEASING = YES;
				CLANG_WARN_BOOL_CONVERSION = YES;
				CLANG_WARN_COMMA = YES;
				CLANG_WARN_CONSTANT_CONVERSION = YES;
				CLANG_WARN_DEPRECATED_OBJC_IMPLEMENTATIONS = YES;
				CLANG_WARN_DIRECT_OBJC_ISA_USAGE = YES_ERROR;
				CLANG_WARN_DOCUMENTATION_COMMENTS = YES;
				CLANG_WARN_EMPTY_BODY = YES;
				CLANG_WARN_ENUM_CONVERSION = YES;
				CLANG_WARN_INFINITE_RECURSION = YES;
				CLANG_WARN_INT_CONVERSION = YES;
				CLANG_WARN_NON_LITERAL_NULL_CONVERSION = YES;
				CLANG_WARN_OBJC_IMPLICIT_RETAIN_SELF = YES;
				CLANG_WARN_OBJC_LITERAL_CONVERSION = YES;
				CLANG_WARN_OBJC_ROOT_CLASS = YES_ERROR;
				CLANG_WARN_QUOTED_INCLUDE_IN_FRAMEWORK_HEADER = YES;
				CLANG_WARN_RANGE_LOOP_ANALYSIS = YES;
				CLANG_WARN_STRICT_PROTOTYPES = YES;
				CLANG_WARN_SUSPICIOUS_MOVE = YES;
				CLANG_WARN_UNGUARDED_AVAILABILITY = YES_AGGRESSIVE;
				CLANG_WARN_UNREACHABLE_CODE = YES;
				CLANG_WARN__DUPLICATE_METHOD_MATCH = YES;
				COPY_PHASE_STRIP = NO;
				DEBUG_INFORMATION_FORMAT = "dwarf-with-dsym";
				ENABLE_NS_ASSERTIONS = NO;
				ENABLE_STRICT_OBJC_MSGSEND = YES;
				ENABLE_USER_SCRIPT_SANDBOXING = NO;
				GCC_C_LANGUAGE_STANDARD = gnu11;
				GCC_NO_COMMON_BLOCKS = YES;
				GCC_WARN_64_TO_32_BIT_CONVERSION = YES;
				GCC_WARN_ABOUT_RETURN_TYPE = YES_ERROR;
				GCC_WARN_UNDECLARED_SELECTOR = YES;
				GCC_WARN_UNINITIALIZED_AUTOS = YES_AGGRESSIVE;
				GCC_WARN_UNUSED_FUNCTION = YES;
				GCC_WARN_UNUSED_VARIABLE = YES;
				IPHONEOS_DEPLOYMENT_TARGET = 17.0;
				MTL_ENABLE_DEBUG_INFO = NO;
				MTL_FAST_MATH = YES;
				SDKROOT = iphoneos;
				SWIFT_COMPILATION_MODE = wholemodule;
				SWIFT_OPTIMIZATION_LEVEL = "-O";
				VALIDATE_PRODUCT = YES;
			};
			name = Release;
		};
		7555FFA6242A565B00829871 /* Debug */ = {
			isa = XCBuildConfiguration;
			baseConfigurationReference = 81A6B3B9F6E62D30973F9798 /* Pods-iosApp.debug.xcconfig */;
			buildSettings = {
				ALWAYS_EMBED_SWIFT_STANDARD_LIBRARIES = YES;
				ASSETCATALOG_COMPILER_APPICON_NAME = AppIcon;
				CODE_SIGN_ENTITLEMENTS = iosApp/iosApp.entitlements;
				CODE_SIGN_IDENTITY = "Apple Development";
				CODE_SIGN_STYLE = Automatic;
				DEVELOPMENT_ASSET_PATHS = "\"iosApp/Preview Content\"";
				DEVELOPMENT_TEAM = D7T5425WSW;
				ENABLE_PREVIEWS = YES;
				INFOPLIST_FILE = iosApp/Info.plist;
				INFOPLIST_KEY_LSApplicationCategoryType = "public.app-category.lifestyle";
				IPHONEOS_DEPLOYMENT_TARGET = 17.0;
				LD_RUNPATH_SEARCH_PATHS = (
					"$(inherited)",
					"@executable_path/Frameworks",
				);
				OTHER_LDFLAGS = (
					"$(inherited)",
					"-lsqlite3",
				);
				PRODUCT_BUNDLE_IDENTIFIER = "${BUNDLE_ID}${TEAM_ID}";
				PRODUCT_NAME = "${APP_NAME}";
				PROVISIONING_PROFILE_SPECIFIER = "";
				SWIFT_VERSION = 5.0;
				TARGETED_DEVICE_FAMILY = "1,2";
			};
			name = Debug;
		};
		7555FFA7242A565B00829871 /* Release */ = {
			isa = XCBuildConfiguration;
			baseConfigurationReference = 01920DE25B5CA9C51BD3C36F /* Pods-iosApp.release.xcconfig */;
			buildSettings = {
				ALWAYS_EMBED_SWIFT_STANDARD_LIBRARIES = YES;
				ASSETCATALOG_COMPILER_APPICON_NAME = AppIcon;
				CODE_SIGN_ENTITLEMENTS = iosApp/iosApp.entitlements;
				CODE_SIGN_IDENTITY = "Apple Development";
				CODE_SIGN_STYLE = Automatic;
				DEVELOPMENT_ASSET_PATHS = "\"iosApp/Preview Content\"";
				DEVELOPMENT_TEAM = D7T5425WSW;
				ENABLE_PREVIEWS = YES;
				INFOPLIST_FILE = iosApp/Info.plist;
				INFOPLIST_KEY_LSApplicationCategoryType = "public.app-category.lifestyle";
				IPHONEOS_DEPLOYMENT_TARGET = 17.0;
				LD_RUNPATH_SEARCH_PATHS = (
					"$(inherited)",
					"@executable_path/Frameworks",
				);
				OTHER_LDFLAGS = (
					"$(inherited)",
					"-lsqlite3",
				);
				PRODUCT_BUNDLE_IDENTIFIER = "${BUNDLE_ID}${TEAM_ID}";
				PRODUCT_NAME = "${APP_NAME}";
				PROVISIONING_PROFILE_SPECIFIER = "";
				SWIFT_VERSION = 5.0;
				TARGETED_DEVICE_FAMILY = "1,2";
			};
			name = Release;
		};
		825FB90602C68526B71A9318 /* Debug */ = {
			isa = XCBuildConfiguration;
			baseConfigurationReference = AB3632DC29227652001CCB65 /* Config.xcconfig */;
			buildSettings = {
				CLANG_ENABLE_OBJC_WEAK = NO;
				CODE_SIGN_ENTITLEMENTS = "Klardrop Share/KlardropShare.entitlements";
				CODE_SIGN_STYLE = Automatic;
				DEVELOPMENT_TEAM = D7T5425WSW;
				GENERATE_INFOPLIST_FILE = NO;
				INFOPLIST_FILE = "Klardrop Share/Info.plist";
				IPHONEOS_DEPLOYMENT_TARGET = 17.0;
				LD_RUNPATH_SEARCH_PATHS = (
					"$(inherited)",
					"@executable_path/Frameworks",
					"@executable_path/../../Frameworks",
				);
				PRODUCT_BUNDLE_IDENTIFIER = com.carlom.Klardrop.Share;
				PRODUCT_NAME = "$(TARGET_NAME)";
				SDKROOT = iphoneos;
				SKIP_INSTALL = YES;
				SWIFT_VERSION = 5.0;
				TARGETED_DEVICE_FAMILY = "1,2";
			};
			name = Debug;
		};
		9FA1F3F2FC3799A5BA0939B0 /* Release */ = {
			isa = XCBuildConfiguration;
			baseConfigurationReference = AB3632DC29227652001CCB65 /* Config.xcconfig */;
			buildSettings = {
				CODE_SIGN_ENTITLEMENTS = "Klardrop Mac Share/KlardropMacShare.entitlements";
				CODE_SIGN_STYLE = Automatic;
				COMBINE_HIDPI_IMAGES = YES;
				DEVELOPMENT_TEAM = D7T5425WSW;
				ENABLE_HARDENED_RUNTIME = YES;
				GENERATE_INFOPLIST_FILE = NO;
				INFOPLIST_FILE = "Klardrop Mac Share/Info.plist";
				LD_RUNPATH_SEARCH_PATHS = (
					"$(inherited)",
					"@executable_path/../Frameworks",
					"@executable_path/../../../../Frameworks",
				);
				MACOSX_DEPLOYMENT_TARGET = 14.0;
				PRODUCT_BUNDLE_IDENTIFIER = com.carlom.Klardrop.MacShare;
				PRODUCT_NAME = "$(TARGET_NAME)";
				SDKROOT = macosx;
				SKIP_INSTALL = YES;
				SWIFT_VERSION = 5.0;
			};
			name = Release;
		};
		C22EE8F7FD6330E26EEDCD18 /* Debug */ = {
			isa = XCBuildConfiguration;
			baseConfigurationReference = C3217BFA754E720DD0C80774 /* Pods-KlardropMac.debug.xcconfig */;
			buildSettings = {
				ASSETCATALOG_COMPILER_APPICON_NAME = AppIcon;
				ASSETCATALOG_COMPILER_GLOBAL_ACCENT_COLOR_NAME = AccentColor;
				CODE_SIGN_ENTITLEMENTS = iosApp/KlardropMac.entitlements;
				CODE_SIGN_IDENTITY = "Apple Development";
				CODE_SIGN_STYLE = Automatic;
				COMBINE_HIDPI_IMAGES = YES;
				DEBUG_INFORMATION_FORMAT = dwarf;
				DEVELOPMENT_TEAM = D7T5425WSW;
				ENABLE_HARDENED_RUNTIME = YES;
				ENABLE_PREVIEWS = YES;
				ENABLE_USER_SCRIPT_SANDBOXING = NO;
				FRAMEWORK_SEARCH_PATHS = (
					"$(inherited)",
					"$(SRCROOT)/../common/build/cocoapods/synthetic/macos/build/Debug/Bugsnag",
				);
				GENERATE_INFOPLIST_FILE = NO;
				INFOPLIST_FILE = iosApp/MacInfo.plist;
				LD_RUNPATH_SEARCH_PATHS = (
					"$(inherited)",
					"@executable_path/../Frameworks",
				);
				MACOSX_DEPLOYMENT_TARGET = 14.0;
				ONLY_ACTIVE_ARCH = YES;
				OTHER_LDFLAGS = (
					"$(inherited)",
					"-lsqlite3",
				);
				PRODUCT_BUNDLE_IDENTIFIER = com.carlom.Klardrop;
				PRODUCT_NAME = Klardrop;
				SDKROOT = macosx;
				SUPPORTED_PLATFORMS = macosx;
				SUPPORTS_MACCATALYST = NO;
				SWIFT_ACTIVE_COMPILATION_CONDITIONS = DEBUG;
				SWIFT_EMIT_LOC_STRINGS = YES;
				SWIFT_OPTIMIZATION_LEVEL = "-Onone";
				SWIFT_VERSION = 5.0;
			};
			name = Debug;
		};
		DA6DE0A8F2A3A4E2886D9232 /* Release */ = {
			isa = XCBuildConfiguration;
			baseConfigurationReference = AB3632DC29227652001CCB65 /* Config.xcconfig */;
			buildSettings = {
				CLANG_ENABLE_OBJC_WEAK = NO;
				CODE_SIGN_ENTITLEMENTS = "Klardrop Share/KlardropShare.entitlements";
				CODE_SIGN_STYLE = Automatic;
				DEVELOPMENT_TEAM = D7T5425WSW;
				GENERATE_INFOPLIST_FILE = NO;
				INFOPLIST_FILE = "Klardrop Share/Info.plist";
				IPHONEOS_DEPLOYMENT_TARGET = 17.0;
				LD_RUNPATH_SEARCH_PATHS = (
					"$(inherited)",
					"@executable_path/Frameworks",
					"@executable_path/../../Frameworks",
				);
				PRODUCT_BUNDLE_IDENTIFIER = com.carlom.Klardrop.Share;
				PRODUCT_NAME = "$(TARGET_NAME)";
				SDKROOT = iphoneos;
				SKIP_INSTALL = YES;
				SWIFT_VERSION = 5.0;
				TARGETED_DEVICE_FAMILY = "1,2";
				VALIDATE_PRODUCT = YES;
			};
			name = Release;
		};
		FAA58A40DC4419C23C17B026 /* Release */ = {
			isa = XCBuildConfiguration;
			baseConfigurationReference = D119C94B2B5700FAB79C0A91 /* Pods-KlardropMac.release.xcconfig */;
			buildSettings = {
				ASSETCATALOG_COMPILER_APPICON_NAME = AppIcon;
				ASSETCATALOG_COMPILER_GLOBAL_ACCENT_COLOR_NAME = AccentColor;
				CODE_SIGN_ENTITLEMENTS = iosApp/KlardropMac.entitlements;
				CODE_SIGN_IDENTITY = "Apple Development";
				CODE_SIGN_STYLE = Automatic;
				COMBINE_HIDPI_IMAGES = YES;
				DEVELOPMENT_TEAM = D7T5425WSW;
				ENABLE_HARDENED_RUNTIME = YES;
				ENABLE_PREVIEWS = YES;
				ENABLE_USER_SCRIPT_SANDBOXING = NO;
				FRAMEWORK_SEARCH_PATHS = (
					"$(inherited)",
					"$(SRCROOT)/../common/build/cocoapods/synthetic/macos/build/Release/Bugsnag",
				);
				GENERATE_INFOPLIST_FILE = NO;
				INFOPLIST_FILE = iosApp/MacInfo.plist;
				LD_RUNPATH_SEARCH_PATHS = (
					"$(inherited)",
					"@executable_path/../Frameworks",
				);
				MACOSX_DEPLOYMENT_TARGET = 14.0;
				OTHER_LDFLAGS = (
					"$(inherited)",
					"-lsqlite3",
				);
				PRODUCT_BUNDLE_IDENTIFIER = com.carlom.Klardrop;
				PRODUCT_NAME = Klardrop;
				SDKROOT = macosx;
				SUPPORTED_PLATFORMS = macosx;
				SUPPORTS_MACCATALYST = NO;
				SWIFT_COMPILATION_MODE = wholemodule;
				SWIFT_EMIT_LOC_STRINGS = YES;
				SWIFT_OPTIMIZATION_LEVEL = "-O";
				SWIFT_VERSION = 5.0;
			};
			name = Release;
		};
/* End XCBuildConfiguration section */

/* Begin XCConfigurationList section */
		5EB8B112248B2F6687B94024 /* Build configuration list for PBXNativeTarget "KlardropMac" */ = {
			isa = XCConfigurationList;
			buildConfigurations = (
				FAA58A40DC4419C23C17B026 /* Release */,
				C22EE8F7FD6330E26EEDCD18 /* Debug */,
			);
			defaultConfigurationIsVisible = 0;
			defaultConfigurationName = Release;
		};
		6C17A7938D205FBCAF5C4325 /* Build configuration list for PBXNativeTarget "KlardropMacShare" */ = {
			isa = XCConfigurationList;
			buildConfigurations = (
				9FA1F3F2FC3799A5BA0939B0 /* Release */,
				551F0A14ECDC093A1FC9080E /* Debug */,
			);
			defaultConfigurationIsVisible = 0;
			defaultConfigurationName = Release;
		};
		7555FF76242A565900829871 /* Build configuration list for PBXProject "iosApp" */ = {
			isa = XCConfigurationList;
			buildConfigurations = (
				7555FFA3242A565B00829871 /* Debug */,
				7555FFA4242A565B00829871 /* Release */,
			);
			defaultConfigurationIsVisible = 0;
			defaultConfigurationName = Release;
		};
		7555FFA5242A565B00829871 /* Build configuration list for PBXNativeTarget "iosApp" */ = {
			isa = XCConfigurationList;
			buildConfigurations = (
				7555FFA6242A565B00829871 /* Debug */,
				7555FFA7242A565B00829871 /* Release */,
			);
			defaultConfigurationIsVisible = 0;
			defaultConfigurationName = Release;
		};
		895F401966368D6A2FC91E58 /* Build configuration list for PBXNativeTarget "KlardropShare" */ = {
			isa = XCConfigurationList;
			buildConfigurations = (
				DA6DE0A8F2A3A4E2886D9232 /* Release */,
				825FB90602C68526B71A9318 /* Debug */,
			);
			defaultConfigurationIsVisible = 0;
			defaultConfigurationName = Release;
		};
/* End XCConfigurationList section */
	};
	rootObject = 7555FF73242A565900829871 /* Project object */;
}
